
Microsoft Visual Studio Solution File, Format Version 12.00
# Visual Studio Version 16
VisualStudioVersion = 16.0.810.19
MinimumVisualStudioVersion = 10.0.40219.1
Project("{FAE04EC0-301F-11D3-BF4B-00C04F79EFBC}") = "Binary_Node_1", "Binary_Node_1\Binary_Node_1.csproj", "{65233CC7-948C-4600-8342-3D12DE55C39F}"
EndProject
Project("{FAE04EC0-301F-11D3-BF4B-00C04F79EFBC}") = "Nary_Node_1", "Nary_Node_1\Nary_Node_1.csproj", "{B96FCAF1-A756-40C4-ADD0-50D7FD5E29D2}"
EndProject
Project("{FAE04EC0-301F-11D3-BF4B-00C04F79EFBC}") = "Binary_Node_2", "Binary_Node_2\Binary_Node_2.csproj", "{7EA8B0A9-3125-4BFC-A479-F7B519756653}"
EndProject
Project("{FAE04EC0-301F-11D3-BF4B-00C04F79EFBC}") = "Nary_Node_2", "Nary_Node_2\Nary_Node_2.csproj", "{2A8322D7-70D1-49F1-A701-EB68CF89A471}"
EndProject
Project("{2150E333-8FDC-42A3-9474-1A3956D46DE8}") = "Solution Items", "Solution Items", "{82B4A44A-6366-4124-8CBF-6567CD32B6BF}"
	ProjectSection(SolutionItems) = preProject
		.gitignore = .gitignore
	EndProjectSection
EndProject
Project("{FAE04EC0-301F-11D3-BF4B-00C04F79EFBC}") = "Binary_Node_3", "Binary_Node_3\Binary_Node_3.csproj", "{BD71154A-2B19-449E-8FA4-AF1EA772BCA1}"
EndProject
Project("{FAE04EC0-301F-11D3-BF4B-00C04F79EFBC}") = "Nary_Node_3", "Nary_Node_3\Nary_Node_3.csproj", "{4672935E-3FA3-41F6-B34E-2500CA53B6BA}"
EndProject
Project("{FAE04EC0-301F-11D3-BF4B-00C04F79EFBC}") = "Binary_Node_4", "Binary_Node_4\Binary_Node_4.csproj", "{088CBF69-73FF-46CE-9C9E-D4FBF30DFD9A}"
EndProject
Project("{FAE04EC0-301F-11D3-BF4B-00C04F79EFBC}") = "Nary_Node_4", "Nary_Node_4\Nary_Node_4.csproj", "{B58DC51B-52C8-406B-AF3C-169945974B4A}"
EndProject
Global
	GlobalSection(SolutionConfigurationPlatforms) = preSolution
		Debug|Any CPU = Debug|Any CPU
		Release|Any CPU = Release|Any CPU
	EndGlobalSection
	GlobalSection(ProjectConfigurationPlatforms) = postSolution
		{65233CC7-948C-4600-8342-3D12DE55C39F}.Debug|Any CPU.ActiveCfg = Debug|Any CPU
		{65233CC7-948C-4600-8342-3D12DE55C39F}.Debug|Any CPU.Build.0 = Debug|Any CPU
		{65233CC7-948C-4600-8342-3D12DE55C39F}.Release|Any CPU.ActiveCfg = Release|Any CPU
		{65233CC7-948C-4600-8342-3D12DE55C39F}.Release|Any CPU.Build.0 = Release|Any CPU
		{B96FCAF1-A756-40C4-ADD0-50D7FD5E29D2}.Debug|Any CPU.ActiveCfg = Debug|Any CPU
		{B96FCAF1-A756-40C4-ADD0-50D7FD5E29D2}.Debug|Any CPU.Build.0 = Debug|Any CPU
		{B96FCAF1-A756-40C4-ADD0-50D7FD5E29D2}.Release|Any CPU.ActiveCfg = Release|Any CPU
		{B96FCAF1-A756-40C4-ADD0-50D7FD5E29D2}.Release|Any CPU.Build.0 = Release|Any CPU
		{7EA8B0A9-3125-4BFC-A479-F7B519756653}.Debug|Any CPU.ActiveCfg = Debug|Any CPU
		{7EA8B0A9-3125-4BFC-A479-F7B519756653}.Debug|Any CPU.Build.0 = Debug|Any CPU
		{7EA8B0A9-3125-4BFC-A479-F7B519756653}.Release|Any CPU.ActiveCfg = Release|Any CPU
		{7EA8B0A9-3125-4BFC-A479-F7B519756653}.Release|Any CPU.Build.0 = Release|Any CPU
		{2A8322D7-70D1-49F1-A701-EB68CF89A471}.Debug|Any CPU.ActiveCfg = Debug|Any CPU
		{2A8322D7-70D1-49F1-A701-EB68CF89A471}.Debug|Any CPU.Build.0 = Debug|Any CPU
		{2A8322D7-70D1-49F1-A701-EB68CF89A471}.Release|Any CPU.ActiveCfg = Release|Any CPU
		{2A8322D7-70D1-49F1-A701-EB68CF89A471}.Release|Any CPU.Build.0 = Release|Any CPU
		{BD71154A-2B19-449E-8FA4-AF1EA772BCA1}.Debug|Any CPU.ActiveCfg = Debug|Any CPU
		{BD71154A-2B19-449E-8FA4-AF1EA772BCA1}.Debug|Any CPU.Build.0 = Debug|Any CPU
		{BD71154A-2B19-449E-8FA4-AF1EA772BCA1}.Release|Any CPU.ActiveCfg = Release|Any CPU
		{BD71154A-2B19-449E-8FA4-AF1EA772BCA1}.Release|Any CPU.Build.0 = Release|Any CPU
		{4672935E-3FA3-41F6-B34E-2500CA53B6BA}.Debug|Any CPU.ActiveCfg = Debug|Any CPU
		{4672935E-3FA3-41F6-B34E-2500CA53B6BA}.Debug|Any CPU.Build.0 = Debug|Any CPU
		{4672935E-3FA3-41F6-B34E-2500CA53B6BA}.Release|Any CPU.ActiveCfg = Release|Any CPU
		{4672935E-3FA3-41F6-B34E-2500CA53B6BA}.Release|Any CPU.Build.0 = Release|Any CPU
		{088CBF69-73FF-46CE-9C9E-D4FBF30DFD9A}.Debug|Any CPU.ActiveCfg = Debug|Any CPU
		{088CBF69-73FF-46CE-9C9E-D4FBF30DFD9A}.Debug|Any CPU.Build.0 = Debug|Any CPU
		{088CBF69-73FF-46CE-9C9E-D4FBF30DFD9A}.Release|Any CPU.ActiveCfg = Release|Any CPU
		{088CBF69-73FF-46CE-9C9E-D4FBF30DFD9A}.Release|Any CPU.Build.0 = Release|Any CPU
		{B58DC51B-52C8-406B-AF3C-169945974B4A}.Debug|Any CPU.ActiveCfg = Debug|Any CPU
		{B58DC51B-52C8-406B-AF3C-169945974B4A}.Debug|Any CPU.Build.0 = Debug|Any CPU
		{B58DC51B-52C8-406B-AF3C-169945974B4A}.Release|Any CPU.ActiveCfg = Release|Any CPU
		{B58DC51B-52C8-406B-AF3C-169945974B4A}.Release|Any CPU.Build.0 = Release|Any CPU
	EndGlobalSection
	GlobalSection(SolutionProperties) = preSolution
		HideSolutionNode = FALSE
	EndGlobalSection
	GlobalSection(ExtensibilityGlobals) = postSolution
		SolutionGuid = {C9EBDAD1-BD7D-4968-B9FB-87315310DBEB}
	EndGlobalSection
EndGlobal
